
Microsoft Visual Studio Solution File, Format Version 12.00
# Visual Studio Version 17
VisualStudioVersion = 17.9.34728.123
MinimumVisualStudioVersion = 10.0.40219.1
Project("{FAE04EC0-301F-11D3-BF4B-00C04F79EFBC}") = "PatientManagement", "PatientManagement\PatientManagement.csproj", "{E609B6C1-C6E4-4FD2-9726-6F42BB8A2318}"
EndProject
Global
	GlobalSection(SolutionConfigurationPlatforms) = preSolution
		Debug|Any CPU = Debug|Any CPU
		Release|Any CPU = Release|Any CPU
	EndGlobalSection
	GlobalSection(ProjectConfigurationPlatforms) = postSolution
		{E609B6C1-C6E4-4FD2-9726-6F42BB8A2318}.Debug|Any CPU.ActiveCfg = Debug|Any CPU
		{E609B6C1-C6E4-4FD2-9726-6F42BB8A2318}.Debug|Any CPU.Build.0 = Debug|Any CPU
		{E609B6C1-C6E4-4FD2-9726-6F42BB8A2318}.Release|Any CPU.ActiveCfg = Release|Any CPU
		{E609B6C1-C6E4-4FD2-9726-6F42BB8A2318}.Release|Any CPU.Build.0 = Release|Any CPU
	EndGlobalSection
	GlobalSection(SolutionProperties) = preSolution
		HideSolutionNode = FALSE
	EndGlobalSection
	GlobalSection(ExtensibilityGlobals) = postSolution
		SolutionGuid = {31BF013E-F423-495B-BFEF-FAE4F6100A4B}
	EndGlobalSection
EndGlobal
